
Microsoft Visual Studio Solution File, Format Version 12.00
# Visual Studio Version 17
VisualStudioVersion = 17.11.35312.102
MinimumVisualStudioVersion = 10.0.40219.1
Project("{FAE04EC0-301F-11D3-BF4B-00C04F79EFBC}") = "PassWortSingGenerator", "PassWortSingGenerator\PassWortSingGenerator.csproj", "{808EAB98-99E6-41B9-A4BA-521073E973E8}"
EndProject
Global
	GlobalSection(SolutionConfigurationPlatforms) = preSolution
		Debug|Any CPU = Debug|Any CPU
		Release|Any CPU = Release|Any CPU
	EndGlobalSection
	GlobalSection(ProjectConfigurationPlatforms) = postSolution
		{808EAB98-99E6-41B9-A4BA-521073E973E8}.Debug|Any CPU.ActiveCfg = Debug|Any CPU
		{808EAB98-99E6-41B9-A4BA-521073E973E8}.Debug|Any CPU.Build.0 = Debug|Any CPU
		{808EAB98-99E6-41B9-A4BA-521073E973E8}.Release|Any CPU.ActiveCfg = Release|Any CPU
		{808EAB98-99E6-41B9-A4BA-521073E973E8}.Release|Any CPU.Build.0 = Release|Any CPU
	EndGlobalSection
	GlobalSection(SolutionProperties) = preSolution
		HideSolutionNode = FALSE
	EndGlobalSection
	GlobalSection(ExtensibilityGlobals) = postSolution
		SolutionGuid = {ACD71587-7EB8-4657-B446-54890B6B0A6B}
	EndGlobalSection
EndGlobal
